
Microsoft Visual Studio Solution File, Format Version 12.00
Project("{FAE04EC0-301F-11D3-BF4B-00C04F79EFBC}") = "AiDevsRag", "AiDevsRag\AiDevsRag.csproj", "{1741D314-1242-4345-9C1F-3BCE951E517C}"
EndProject
Global
	GlobalSection(SolutionConfigurationPlatforms) = preSolution
		Debug|Any CPU = Debug|Any CPU
		Release|Any CPU = Release|Any CPU
	EndGlobalSection
	GlobalSection(ProjectConfigurationPlatforms) = postSolution
		{1741D314-1242-4345-9C1F-3BCE951E517C}.Debug|Any CPU.ActiveCfg = Debug|Any CPU
		{1741D314-1242-4345-9C1F-3BCE951E517C}.Debug|Any CPU.Build.0 = Debug|Any CPU
		{1741D314-1242-4345-9C1F-3BCE951E517C}.Release|Any CPU.ActiveCfg = Release|Any CPU
		{1741D314-1242-4345-9C1F-3BCE951E517C}.Release|Any CPU.Build.0 = Release|Any CPU
	EndGlobalSection
EndGlobal
